# source_sha256<TAB>source_bytes<TAB>source_path<TAB>target_path<TAB>role
# source project a10-linux-riscv @ 3db828e74651fda377a33d84f2a2ca0e69901d72
4bb51763d35749943d0003b27c075a6c03908aefe01edd85ddd5c028956b9cb1	15766	hw/ip/sfl/ip/sfl_sys/clk.ip	flash/sfl/ip/sfl_sys/clk.ip	sfl-component-ip-input
7dcc65b58af231de441039373de11dc6aaf7e823d1f9ca1a616b103f727e22f6	137	hw/ip/sfl/ip/sfl_sys/clk/clk.cmp	flash/sfl/ip/sfl_sys/clk/clk.cmp	sfl-generated-source
83b4a4843c3fb3c36e0edb7129537d3a41f198257ea7bb2a944eb8ded65f9aca	2859	hw/ip/sfl/ip/sfl_sys/clk/clk.qip	flash/sfl/ip/sfl_sys/clk/clk.qip	sfl-generated-source
3c3416031139979c4c4d886cb2f22994ad8f893849e8d091e2e7377abcd2ff9d	8834	hw/ip/sfl/ip/sfl_sys/clk/clk.sopcinfo	flash/sfl/ip/sfl_sys/clk/clk.sopcinfo	sfl-generated-source
66ef94b457470ffa465113d62c2c0dd17af3ad31b79c31889feb1be850f6c9af	106	hw/ip/sfl/ip/sfl_sys/clk/clk_bb.v	flash/sfl/ip/sfl_sys/clk/clk_bb.v	sfl-generated-source
4c66e70434829da9c236f5856be58cb25229a1d97aef44f7dd08c2deefbec430	161	hw/ip/sfl/ip/sfl_sys/clk/clk_inst.v	flash/sfl/ip/sfl_sys/clk/clk_inst.v	sfl-generated-source
aabe74fabb44bfdcaeb01e01876d6e8aee32e2b6302c47056c7d37ba88dfe0a8	278	hw/ip/sfl/ip/sfl_sys/clk/clk_inst.vhd	flash/sfl/ip/sfl_sys/clk/clk_inst.vhd	sfl-generated-source
624277c58d9bb37c296347c9f6fb83add13a5f9e8c1ad8e4e4d674575efc7f4e	207	hw/ip/sfl/ip/sfl_sys/clk/synth/clk.v	flash/sfl/ip/sfl_sys/clk/synth/clk.v	sfl-generated-source
69eb3aa35d9a209f029ca98c01fdae95c8e33e98616240905a279b24a6db7a1d	112180	hw/ip/sfl/ip/sfl_sys/epcq.ip	flash/sfl/ip/sfl_sys/epcq.ip	epcq-ip-input
e3741a3124273bc738e398288f07ce4c5dee26181c605d00c9685619061cccf4	125879	hw/ip/sfl/ip/sfl_sys/epcq/altera_asmi_parallel_1910/synth/epcq_altera_asmi_parallel_1910_rmd4qmi.v	flash/sfl/ip/sfl_sys/epcq/altera_asmi_parallel_1910/synth/epcq_altera_asmi_parallel_1910_rmd4qmi.v	sfl-generated-source
12c99e5483b0dbec309ab5a4aae6ff3b8eb3a06815430db3401b38270cee4e94	3667	hw/ip/sfl/ip/sfl_sys/epcq/altera_epcq_controller_191/synth/altera_asmi_parallel_epcq_epcq.v	flash/sfl/ip/sfl_sys/epcq/altera_epcq_controller_191/synth/altera_asmi_parallel_epcq_epcq.v	sfl-generated-source
47ec7367d5dca5d2e49404d8407362d12e9237db67eeb7fe80c017f0950e4dbd	14140	hw/ip/sfl/ip/sfl_sys/epcq/altera_epcq_controller_191/synth/altera_epcq_controller_epcq_epcq.v	flash/sfl/ip/sfl_sys/epcq/altera_epcq_controller_191/synth/altera_epcq_controller_epcq_epcq.v	sfl-generated-source
13c87c298a82674350b327f1240398d09921151bdc8a838bd739304d3621ed64	7365	hw/ip/sfl/ip/sfl_sys/epcq/altera_epcq_controller_191/synth/epcq_altera_epcq_controller_191_yfexvhi.sv	flash/sfl/ip/sfl_sys/epcq/altera_epcq_controller_191/synth/epcq_altera_epcq_controller_191_yfexvhi.sv	sfl-generated-source
6d44ff381d98624308bed24e06777d4f9a0fa6f2123612ff97327e3657bd9d97	21829	hw/ip/sfl/ip/sfl_sys/epcq/altera_epcq_controller_core_1910/synth/altera_epcq_controller.sv	flash/sfl/ip/sfl_sys/epcq/altera_epcq_controller_core_1910/synth/altera_epcq_controller.sv	sfl-generated-source
aaa9b5e65adb9b2cdd1fa94254c0edec8d3f9d4b72bc938e8da80bb8fb5d3488	9903	hw/ip/sfl/ip/sfl_sys/epcq/altera_epcq_controller_core_1910/synth/altera_epcq_controller_arb.sv	flash/sfl/ip/sfl_sys/epcq/altera_epcq_controller_core_1910/synth/altera_epcq_controller_arb.sv	sfl-generated-source
efd521e694e971f7a18925f5de09009631e417c42bc1da76829174c589619fb3	1798	hw/ip/sfl/ip/sfl_sys/epcq/epcq.cmp	flash/sfl/ip/sfl_sys/epcq/epcq.cmp	sfl-generated-source
c2a5ef69335c87ba6291f41a194c4ef9cc95aaf155e04dd338fa2c16eec41e6d	49684	hw/ip/sfl/ip/sfl_sys/epcq/epcq.qip	flash/sfl/ip/sfl_sys/epcq/epcq.qip	sfl-generated-source
661ddd79fae475ba7eec5cb83a83e9780a06cb7f1fd95c76a87cc0e43eafdb02	9705	hw/ip/sfl/ip/sfl_sys/epcq/epcq.regmap	flash/sfl/ip/sfl_sys/epcq/epcq.regmap	sfl-generated-source
e5c1cefcd7350f76dc9e649b3dc8306cb9a005bea28979965d4396b52030bd9a	47961	hw/ip/sfl/ip/sfl_sys/epcq/epcq.sopcinfo	flash/sfl/ip/sfl_sys/epcq/epcq.sopcinfo	sfl-generated-source
c4874257cfc56ba3e5037cea6e76b442bf33302ac92fc7bc040247523bbf4815	1392	hw/ip/sfl/ip/sfl_sys/epcq/epcq_bb.v	flash/sfl/ip/sfl_sys/epcq/epcq_bb.v	sfl-generated-source
a5a47136d40206d910af0dc153f8fde1cf9b25d5f05d7df1ab43ff67b22952f5	2177	hw/ip/sfl/ip/sfl_sys/epcq/epcq_inst.v	flash/sfl/ip/sfl_sys/epcq/epcq_inst.v	sfl-generated-source
be834979e99a9e5268c4fb9914548b6a004cd24955031adb54a1049b03599101	3562	hw/ip/sfl/ip/sfl_sys/epcq/epcq_inst.vhd	flash/sfl/ip/sfl_sys/epcq/epcq_inst.vhd	sfl-generated-source
94cea2e7ec73f0b7da390f0ca0fb033c7f586428dfc5e9f5f4a46239541589ea	3594	hw/ip/sfl/ip/sfl_sys/epcq/synth/epcq.v	flash/sfl/ip/sfl_sys/epcq/synth/epcq.v	sfl-generated-source
91bdf09e90e87b00fec026971257e27d39073681bb048fb5386215bc175267ae	18824	hw/ip/sfl/ip/sfl_sys/rst.ip	flash/sfl/ip/sfl_sys/rst.ip	sfl-component-ip-input
dfe6eb6e772172f671f1e6d077c85bf5e2b310a0529f900ab7b1d11cf3020d8c	189	hw/ip/sfl/ip/sfl_sys/rst/rst.cmp	flash/sfl/ip/sfl_sys/rst/rst.cmp	sfl-generated-source
4689f50e9e1ca2818237d689ef8243e54cd2fefc58d8e2f797ea9b46aa745bc1	2847	hw/ip/sfl/ip/sfl_sys/rst/rst.qip	flash/sfl/ip/sfl_sys/rst/rst.qip	sfl-generated-source
2f6e90b610e5c1efc15d9a9e0a2273d0aff28169c3ae5a8b7976b5010e3b5c33	10887	hw/ip/sfl/ip/sfl_sys/rst/rst.sopcinfo	flash/sfl/ip/sfl_sys/rst/rst.sopcinfo	sfl-generated-source
5e86612e98d6d3de955b269cb4c372860e29d0ffd4886ff91bf4e137c6ba851a	161	hw/ip/sfl/ip/sfl_sys/rst/rst_bb.v	flash/sfl/ip/sfl_sys/rst/rst_bb.v	sfl-generated-source
65bde6d8710fb1fb1d6085ca67f9f75bd354e9cdf81dd727912adc2f695104ef	256	hw/ip/sfl/ip/sfl_sys/rst/rst_inst.v	flash/sfl/ip/sfl_sys/rst/rst_inst.v	sfl-generated-source
1cb8eed2c72122ebe1c2204ee705ca3be747127dde7e27f72ed3b04c9bb29ce8	403	hw/ip/sfl/ip/sfl_sys/rst/rst_inst.vhd	flash/sfl/ip/sfl_sys/rst/rst_inst.vhd	sfl-generated-source
d1d0c08c84fd26f16eb98d4b9b0ec4e1c1ab8d22ea2cb43816c9a0f94d1e1ad7	266	hw/ip/sfl/ip/sfl_sys/rst/synth/rst.v	flash/sfl/ip/sfl_sys/rst/synth/rst.v	sfl-generated-source
519aa9562f7a8c69b15159de46e5a3c64eb1f9a553443e2a9c675b7e2a197e17	1823	hw/ip/sfl/sfl_sys.cmp	flash/sfl/sfl_sys.cmp	sfl-generated-source
55abe239af3e109af7d1c1b916fb73f0e4a5525c34630345bd866d9850abda79	145262	hw/ip/sfl/sfl_sys.qip	flash/sfl/sfl_sys.qip	sfl-generated-qip
8051b952104844e4a94f338e7417e7fce0cd418fbee6f3ee0bb5c1ab85983005	9719	hw/ip/sfl/sfl_sys.regmap	flash/sfl/sfl_sys.regmap	sfl-generated-source
dadd1bc05785b0388e4f823787e5283bbd0b2d96c96dd9b5a9f9b6ea2c88a504	162321	hw/ip/sfl/sfl_sys.sopcinfo	flash/sfl/sfl_sys.sopcinfo	sfl-generated-source
7105e6fa9550e9625c4c97115203f98bffe99fbfac2d5527e3f0383b16099839	1362	hw/ip/sfl/sfl_sys_bb.v	flash/sfl/sfl_sys_bb.v	sfl-generated-interface
ea7da996d20019c4cb32b1834924d03b0e8033dd8e779f144585a88a62755ceb	2213	hw/ip/sfl/sfl_sys_inst.v	flash/sfl/sfl_sys_inst.v	sfl-generated-interface
1b185f4f6ff1f785e0b0c3e73d9de6415bcbcb343a22d3ac64b4edf3274dc3ec	3646	hw/ip/sfl/sfl_sys_inst.vhd	flash/sfl/sfl_sys_inst.vhd	sfl-generated-source
904f53f0fcbb940d91d41179768411983a47ebfd8d0c511e59804b04cd015e21	3970	hw/ip/sfl/synth/sfl_sys.v	flash/sfl/synth/sfl_sys.v	sfl-generated-source
d400e066f110145a8b6829ba5d1872474d41d09834475b44f48a7b1079be3fe1	1756	hw/ip/jtag_uart/jtag_uart_std.v	jtag_uart/jtag_uart_std.v	jtag-uart-wrapper
d5a5e85ea46e4c3b74bef40c8de91e2ce461d632aa02184c077c4ca9c9ed9d95	20073	hw/ip/jtag_uart/jtag_uart_std_altera_avalon_jtag_uart_1910_zesttkq.v	jtag_uart/jtag_uart_std_altera_avalon_jtag_uart_1910_zesttkq.v	jtag-uart-generated-local-interactive-rxirq-patch
cf43109e2265a97e5ac05764f53b89cc7c51858a92709058c190e6f85e627b7b	163020	hw/ip/ddr4_bot/Qsys.qsys	qsys/ddr4_bot/Qsys.qsys	qsys-input
882faf09538fd4c8bb9d2f5d45254729fac5f4851cfb548b462d91ac1fb7e1b5	3162	hw/ip/ddr4_bot/Qsys/Qsys_bb.v	qsys/ddr4_bot/Qsys/Qsys_bb.v	qsys-generated-interface
082b23b5ebbce12ae082ad1be19c50ed38fcfe2afbcf82f0a831c397d723d1ac	24891	hw/ip/ddr4_bot/ip/Qsys/Qsys_clk_100.ip	qsys/ddr4_bot/ip/Qsys/Qsys_clk_100.ip	ip-input
efe79588ff362219e8c33ebb738806df66face7ed6c930822676d698a92e78e3	24891	hw/ip/ddr4_bot/ip/Qsys/Qsys_clk_266.ip	qsys/ddr4_bot/ip/Qsys/Qsys_clk_266.ip	ip-input
5049889b5a32843731eb9ff89b4c68e25494fd18bb5a7ccb044e87088106f655	570001	hw/ip/ddr4_bot/ip/Qsys/Qsys_emif_bot.ip	qsys/ddr4_bot/ip/Qsys/Qsys_emif_bot.ip	emif-ip-input
e5780b9c2ea193beb402d8d28c0a7ffc5a3c72c1444d1e8e5e53b78f7ce3ebab	24527	hw/ip/ddr4_bot/ip/Qsys/Qsys_reset_controller_0.ip	qsys/ddr4_bot/ip/Qsys/Qsys_reset_controller_0.ip	ip-input
bde7a8423d82523cce29ca52f77b174d32c142e716c1e9da3bb73f84409bbce9	33	hw/quartus/vex_soc_ddr/vex_soc_ddr.qpf	quartus/catapult_a10.qpf	quartus-project-config
a3af2707ed1b12a3598ba2d9d8a313ad8889fae76d46bbc3af34ce3a2ee4855a	11898	hw/quartus/vex_soc_ddr/vex_soc_ddr.qsf	quartus/catapult_a10.qsf	quartus-constraint-fragment
00cf85789667f3643983a84cdf5d6fd3e61c0fbc9d522bb9807462937be20656	1290	hw/quartus/vex_soc_ddr/vex_soc_ddr.sdc	quartus/catapult_a10.sdc	quartus-timing-constraint
